
Microsoft Visual Studio Solution File, Format Version 12.00
# Visual Studio Version 17
VisualStudioVersion = 17.14.36401.2 d17.14
MinimumVisualStudioVersion = 10.0.40219.1
Project("{FAE04EC0-301F-11D3-BF4B-00C04F79EFBC}") = "Ejercicio1", "Ejercicio1\Ejercicio1.csproj", "{C04C37C7-9DB1-4A96-BB71-DF78D1620947}"
EndProject
Global
	GlobalSection(SolutionConfigurationPlatforms) = preSolution
		Debug|Any CPU = Debug|Any CPU
		Release|Any CPU = Release|Any CPU
	EndGlobalSection
	GlobalSection(ProjectConfigurationPlatforms) = postSolution
		{C04C37C7-9DB1-4A96-BB71-DF78D1620947}.Debug|Any CPU.ActiveCfg = Debug|Any CPU
		{C04C37C7-9DB1-4A96-BB71-DF78D1620947}.Debug|Any CPU.Build.0 = Debug|Any CPU
		{C04C37C7-9DB1-4A96-BB71-DF78D1620947}.Release|Any CPU.ActiveCfg = Release|Any CPU
		{C04C37C7-9DB1-4A96-BB71-DF78D1620947}.Release|Any CPU.Build.0 = Release|Any CPU
	EndGlobalSection
	GlobalSection(SolutionProperties) = preSolution
		HideSolutionNode = FALSE
	EndGlobalSection
	GlobalSection(ExtensibilityGlobals) = postSolution
		SolutionGuid = {972CF440-FAFE-43CF-819E-780E5D7B850B}
	EndGlobalSection
EndGlobal
